
Microsoft Visual Studio Solution File, Format Version 12.00
# Visual Studio 2015
Project("{FAE04EC0-301F-11D3-BF4B-00C04F79EFBC}") = "cube-tube", "cube-tube.csproj", "{7260EEEE-AB22-5CD5-E51A-B860E6606124}"
EndProject
Project("{FAE04EC0-301F-11D3-BF4B-00C04F79EFBC}") = "cube-tube.Editor", "cube-tube.Editor.csproj", "{0403B0B5-3EFB-5100-64BB-8C71F70E7C31}"
EndProject
Global
	GlobalSection(SolutionConfigurationPlatforms) = preSolution
		Debug|Any CPU = Debug|Any CPU
		Release|Any CPU = Release|Any CPU
	EndGlobalSection
	GlobalSection(ProjectConfigurationPlatforms) = postSolution
		{7260EEEE-AB22-5CD5-E51A-B860E6606124}.Debug|Any CPU.ActiveCfg = Debug|Any CPU
		{7260EEEE-AB22-5CD5-E51A-B860E6606124}.Debug|Any CPU.Build.0 = Debug|Any CPU
		{7260EEEE-AB22-5CD5-E51A-B860E6606124}.Release|Any CPU.ActiveCfg = Release|Any CPU
		{7260EEEE-AB22-5CD5-E51A-B860E6606124}.Release|Any CPU.Build.0 = Release|Any CPU
		{0403B0B5-3EFB-5100-64BB-8C71F70E7C31}.Debug|Any CPU.ActiveCfg = Debug|Any CPU
		{0403B0B5-3EFB-5100-64BB-8C71F70E7C31}.Debug|Any CPU.Build.0 = Debug|Any CPU
		{0403B0B5-3EFB-5100-64BB-8C71F70E7C31}.Release|Any CPU.ActiveCfg = Release|Any CPU
		{0403B0B5-3EFB-5100-64BB-8C71F70E7C31}.Release|Any CPU.Build.0 = Release|Any CPU
	EndGlobalSection
	GlobalSection(SolutionProperties) = preSolution
		HideSolutionNode = FALSE
	EndGlobalSection
EndGlobal
